
Microsoft Visual Studio Solution File, Format Version 12.00
# Visual Studio Version 16
VisualStudioVersion = 16.0.29503.13
MinimumVisualStudioVersion = 10.0.40219.1
Project("{FAE04EC0-301F-11D3-BF4B-00C04F79EFBC}") = "DelegeAndEvent", "DelegeAndEvent\DelegeAndEvent.csproj", "{13BA082D-79E8-45E8-9086-EB5AE608F441}"
EndProject
Global
	GlobalSection(SolutionConfigurationPlatforms) = preSolution
		Debug|Any CPU = Debug|Any CPU
		Release|Any CPU = Release|Any CPU
	EndGlobalSection
	GlobalSection(ProjectConfigurationPlatforms) = postSolution
		{13BA082D-79E8-45E8-9086-EB5AE608F441}.Debug|Any CPU.ActiveCfg = Debug|Any CPU
		{13BA082D-79E8-45E8-9086-EB5AE608F441}.Debug|Any CPU.Build.0 = Debug|Any CPU
		{13BA082D-79E8-45E8-9086-EB5AE608F441}.Release|Any CPU.ActiveCfg = Release|Any CPU
		{13BA082D-79E8-45E8-9086-EB5AE608F441}.Release|Any CPU.Build.0 = Release|Any CPU
	EndGlobalSection
	GlobalSection(SolutionProperties) = preSolution
		HideSolutionNode = FALSE
	EndGlobalSection
	GlobalSection(ExtensibilityGlobals) = postSolution
		SolutionGuid = {EBCA3ED3-12D8-4CCD-9DF4-33D83397D4D9}
	EndGlobalSection
EndGlobal
